Microsoft Visual Studio Solution File, Format Version 12.00
# Visual Studio Version 16
VisualStudioVersion = 16.0.29326.143
MinimumVisualStudioVersion = 10.0.40219.1
Project("{2150E333-8FDC-42A3-9474-1A3956D46DE8}") = "src", "src", "{44DBB23E-4C53-4482-A04C-92EE0515150C}"
EndProject
Project("{FAE04EC0-301F-11D3-BF4B-00C04F79EFBC}") = "UWPResourcesGallery", "src\UWPResourcesGallery\UWPResourcesGallery.csproj", "{45C7F2FE-580E-4A64-BD5F-DFF8E21F2EE6}"
EndProject
Project("{FAE04EC0-301F-11D3-BF4B-00C04F79EFBC}") = "ResourceModel", "src\ResourceModel\ResourceModel.csproj", "{957B1E0E-D863-41E3-8042-7FAC37A512DD}"
EndProject
Project("{2150E333-8FDC-42A3-9474-1A3956D46DE8}") = "tests", "tests", "{AA684C57-74FA-403E-A3D7-656CC23365C5}"
EndProject
Project("{FAE04EC0-301F-11D3-BF4B-00C04F79EFBC}") = "ResoureModelTests", "tests\ResoureModelTests\ResoureModelTests.csproj", "{C2B9B471-9028-46C3-A04E-37DD4B96D059}"
EndProject
Project("{FAE04EC0-301F-11D3-BF4B-00C04F79EFBC}") = "ControlTests", "tests\ControlTests\ControlTests.csproj", "{40FCF2F6-2D83-4D02-94FF-57F52A73B462}"
EndProject
Project("{9A19103F-16F7-4668-BE54-9A1E7A4F7556}") = "AppInteractionTests", "tests\AppInteractionTests\AppInteractionTests.csproj", "{494C8631-7686-4174-9673-026BFEFE1F33}"
EndProject
Project("{2150E333-8FDC-42A3-9474-1A3956D46DE8}") = "Solution Items", "Solution Items", "{C6DCF158-E072-48B0-8CB8-E12100A3F218}"
	ProjectSection(SolutionItems) = preProject
		.editorconfig = .editorconfig
		Directory.Build.props = Directory.Build.props
		Directory.Build.targets = Directory.Build.targets
	EndProjectSection
EndProject
Global
	GlobalSection(SolutionConfigurationPlatforms) = preSolution
		Debug|Any CPU = Debug|Any CPU
		Debug|ARM = Debug|ARM
		Debug|ARM64 = Debug|ARM64
		Debug|x64 = Debug|x64
		Debug|x86 = Debug|x86
		Release|Any CPU = Release|Any CPU
		Release|ARM = Release|ARM
		Release|ARM64 = Release|ARM64
		Release|x64 = Release|x64
		Release|x86 = Release|x86
	EndGlobalSection
	GlobalSection(ProjectConfigurationPlatforms) = postSolution
		{45C7F2FE-580E-4A64-BD5F-DFF8E21F2EE6}.Debug|Any CPU.ActiveCfg = Debug|x86
		{45C7F2FE-580E-4A64-BD5F-DFF8E21F2EE6}.Debug|ARM.ActiveCfg = Debug|ARM
		{45C7F2FE-580E-4A64-BD5F-DFF8E21F2EE6}.Debug|ARM.Build.0 = Debug|ARM
		{45C7F2FE-580E-4A64-BD5F-DFF8E21F2EE6}.Debug|ARM.Deploy.0 = Debug|ARM
		{45C7F2FE-580E-4A64-BD5F-DFF8E21F2EE6}.Debug|ARM64.ActiveCfg = Debug|ARM64
		{45C7F2FE-580E-4A64-BD5F-DFF8E21F2EE6}.Debug|ARM64.Build.0 = Debug|ARM64
		{45C7F2FE-580E-4A64-BD5F-DFF8E21F2EE6}.Debug|ARM64.Deploy.0 = Debug|ARM64
		{45C7F2FE-580E-4A64-BD5F-DFF8E21F2EE6}.Debug|x64.ActiveCfg = Debug|x64
		{45C7F2FE-580E-4A64-BD5F-DFF8E21F2EE6}.Debug|x64.Build.0 = Debug|x64
		{45C7F2FE-580E-4A64-BD5F-DFF8E21F2EE6}.Debug|x64.Deploy.0 = Debug|x64
		{45C7F2FE-580E-4A64-BD5F-DFF8E21F2EE6}.Debug|x86.ActiveCfg = Debug|x86
		{45C7F2FE-580E-4A64-BD5F-DFF8E21F2EE6}.Debug|x86.Build.0 = Debug|x86
		{45C7F2FE-580E-4A64-BD5F-DFF8E21F2EE6}.Debug|x86.Deploy.0 = Debug|x86
		{45C7F2FE-580E-4A64-BD5F-DFF8E21F2EE6}.Release|Any CPU.ActiveCfg = Release|x86
		{45C7F2FE-580E-4A64-BD5F-DFF8E21F2EE6}.Release|ARM.ActiveCfg = Release|ARM
		{45C7F2FE-580E-4A64-BD5F-DFF8E21F2EE6}.Release|ARM.Build.0 = Release|ARM
		{45C7F2FE-580E-4A64-BD5F-DFF8E21F2EE6}.Release|ARM.Deploy.0 = Release|ARM
		{45C7F2FE-580E-4A64-BD5F-DFF8E21F2EE6}.Release|ARM64.ActiveCfg = Release|ARM64
		{45C7F2FE-580E-4A64-BD5F-DFF8E21F2EE6}.Release|ARM64.Build.0 = Release|ARM64
		{45C7F2FE-580E-4A64-BD5F-DFF8E21F2EE6}.Release|ARM64.Deploy.0 = Release|ARM64
		{45C7F2FE-580E-4A64-BD5F-DFF8E21F2EE6}.Release|x64.ActiveCfg = Release|x64
		{45C7F2FE-580E-4A64-BD5F-DFF8E21F2EE6}.Release|x64.Build.0 = Release|x64
		{45C7F2FE-580E-4A64-BD5F-DFF8E21F2EE6}.Release|x64.Deploy.0 = Release|x64
		{45C7F2FE-580E-4A64-BD5F-DFF8E21F2EE6}.Release|x86.ActiveCfg = Release|x86
		{45C7F2FE-580E-4A64-BD5F-DFF8E21F2EE6}.Release|x86.Build.0 = Release|x86
		{45C7F2FE-580E-4A64-BD5F-DFF8E21F2EE6}.Release|x86.Deploy.0 = Release|x86
		{957B1E0E-D863-41E3-8042-7FAC37A512DD}.Debug|Any CPU.ActiveCfg = Debug|Any CPU
		{957B1E0E-D863-41E3-8042-7FAC37A512DD}.Debug|Any CPU.Build.0 = Debug|Any CPU
		{957B1E0E-D863-41E3-8042-7FAC37A512DD}.Debug|ARM.ActiveCfg = Debug|ARM
		{957B1E0E-D863-41E3-8042-7FAC37A512DD}.Debug|ARM.Build.0 = Debug|ARM
		{957B1E0E-D863-41E3-8042-7FAC37A512DD}.Debug|ARM64.ActiveCfg = Debug|ARM64
		{957B1E0E-D863-41E3-8042-7FAC37A512DD}.Debug|ARM64.Build.0 = Debug|ARM64
		{957B1E0E-D863-41E3-8042-7FAC37A512DD}.Debug|x64.ActiveCfg = Debug|x64
		{957B1E0E-D863-41E3-8042-7FAC37A512DD}.Debug|x64.Build.0 = Debug|x64
		{957B1E0E-D863-41E3-8042-7FAC37A512DD}.Debug|x86.ActiveCfg = Debug|x86
		{957B1E0E-D863-41E3-8042-7FAC37A512DD}.Debug|x86.Build.0 = Debug|x86
		{957B1E0E-D863-41E3-8042-7FAC37A512DD}.Release|Any CPU.ActiveCfg = Release|Any CPU
		{957B1E0E-D863-41E3-8042-7FAC37A512DD}.Release|Any CPU.Build.0 = Release|Any CPU
		{957B1E0E-D863-41E3-8042-7FAC37A512DD}.Release|ARM.ActiveCfg = Release|ARM
		{957B1E0E-D863-41E3-8042-7FAC37A512DD}.Release|ARM.Build.0 = Release|ARM
		{957B1E0E-D863-41E3-8042-7FAC37A512DD}.Release|ARM64.ActiveCfg = Release|ARM64
		{957B1E0E-D863-41E3-8042-7FAC37A512DD}.Release|ARM64.Build.0 = Release|ARM64
		{957B1E0E-D863-41E3-8042-7FAC37A512DD}.Release|x64.ActiveCfg = Release|x64
		{957B1E0E-D863-41E3-8042-7FAC37A512DD}.Release|x64.Build.0 = Release|x64
		{957B1E0E-D863-41E3-8042-7FAC37A512DD}.Release|x86.ActiveCfg = Release|x86
		{957B1E0E-D863-41E3-8042-7FAC37A512DD}.Release|x86.Build.0 = Release|x86
		{C2B9B471-9028-46C3-A04E-37DD4B96D059}.Debug|Any CPU.ActiveCfg = Debug|x86
		{C2B9B471-9028-46C3-A04E-37DD4B96D059}.Debug|ARM.ActiveCfg = Debug|ARM
		{C2B9B471-9028-46C3-A04E-37DD4B96D059}.Debug|ARM.Build.0 = Debug|ARM
		{C2B9B471-9028-46C3-A04E-37DD4B96D059}.Debug|ARM.Deploy.0 = Debug|ARM
		{C2B9B471-9028-46C3-A04E-37DD4B96D059}.Debug|ARM64.ActiveCfg = Debug|ARM64
		{C2B9B471-9028-46C3-A04E-37DD4B96D059}.Debug|ARM64.Build.0 = Debug|ARM64
		{C2B9B471-9028-46C3-A04E-37DD4B96D059}.Debug|ARM64.Deploy.0 = Debug|ARM64
		{C2B9B471-9028-46C3-A04E-37DD4B96D059}.Debug|x64.ActiveCfg = Debug|x64
		{C2B9B471-9028-46C3-A04E-37DD4B96D059}.Debug|x64.Build.0 = Debug|x64
		{C2B9B471-9028-46C3-A04E-37DD4B96D059}.Debug|x64.Deploy.0 = Debug|x64
		{C2B9B471-9028-46C3-A04E-37DD4B96D059}.Debug|x86.ActiveCfg = Debug|x86
		{C2B9B471-9028-46C3-A04E-37DD4B96D059}.Debug|x86.Build.0 = Debug|x86
		{C2B9B471-9028-46C3-A04E-37DD4B96D059}.Debug|x86.Deploy.0 = Debug|x86
		{C2B9B471-9028-46C3-A04E-37DD4B96D059}.Release|Any CPU.ActiveCfg = Release|x86
		{C2B9B471-9028-46C3-A04E-37DD4B96D059}.Release|ARM.ActiveCfg = Release|ARM
		{C2B9B471-9028-46C3-A04E-37DD4B96D059}.Release|ARM.Build.0 = Release|ARM
		{C2B9B471-9028-46C3-A04E-37DD4B96D059}.Release|ARM.Deploy.0 = Release|ARM
		{C2B9B471-9028-46C3-A04E-37DD4B96D059}.Release|ARM64.ActiveCfg = Release|ARM64
		{C2B9B471-9028-46C3-A04E-37DD4B96D059}.Release|ARM64.Build.0 = Release|ARM64
		{C2B9B471-9028-46C3-A04E-37DD4B96D059}.Release|ARM64.Deploy.0 = Release|ARM64
		{C2B9B471-9028-46C3-A04E-37DD4B96D059}.Release|x64.ActiveCfg = Release|x64
		{C2B9B471-9028-46C3-A04E-37DD4B96D059}.Release|x64.Build.0 = Release|x64
		{C2B9B471-9028-46C3-A04E-37DD4B96D059}.Release|x64.Deploy.0 = Release|x64
		{C2B9B471-9028-46C3-A04E-37DD4B96D059}.Release|x86.ActiveCfg = Release|x86
		{C2B9B471-9028-46C3-A04E-37DD4B96D059}.Release|x86.Build.0 = Release|x86
		{C2B9B471-9028-46C3-A04E-37DD4B96D059}.Release|x86.Deploy.0 = Release|x86
		{40FCF2F6-2D83-4D02-94FF-57F52A73B462}.Debug|Any CPU.ActiveCfg = Debug|x86
		{40FCF2F6-2D83-4D02-94FF-57F52A73B462}.Debug|ARM.ActiveCfg = Debug|ARM
		{40FCF2F6-2D83-4D02-94FF-57F52A73B462}.Debug|ARM.Build.0 = Debug|ARM
		{40FCF2F6-2D83-4D02-94FF-57F52A73B462}.Debug|ARM.Deploy.0 = Debug|ARM
		{40FCF2F6-2D83-4D02-94FF-57F52A73B462}.Debug|ARM64.ActiveCfg = Debug|ARM64
		{40FCF2F6-2D83-4D02-94FF-57F52A73B462}.Debug|ARM64.Build.0 = Debug|ARM64
		{40FCF2F6-2D83-4D02-94FF-57F52A73B462}.Debug|ARM64.Deploy.0 = Debug|ARM64
		{40FCF2F6-2D83-4D02-94FF-57F52A73B462}.Debug|x64.ActiveCfg = Debug|x64
		{40FCF2F6-2D83-4D02-94FF-57F52A73B462}.Debug|x64.Build.0 = Debug|x64
		{40FCF2F6-2D83-4D02-94FF-57F52A73B462}.Debug|x64.Deploy.0 = Debug|x64
		{40FCF2F6-2D83-4D02-94FF-57F52A73B462}.Debug|x86.ActiveCfg = Debug|x86
		{40FCF2F6-2D83-4D02-94FF-57F52A73B462}.Debug|x86.Build.0 = Debug|x86
		{40FCF2F6-2D83-4D02-94FF-57F52A73B462}.Debug|x86.Deploy.0 = Debug|x86
		{40FCF2F6-2D83-4D02-94FF-57F52A73B462}.Release|Any CPU.ActiveCfg = Release|x86
		{40FCF2F6-2D83-4D02-94FF-57F52A73B462}.Release|ARM.ActiveCfg = Release|ARM
		{40FCF2F6-2D83-4D02-94FF-57F52A73B462}.Release|ARM.Build.0 = Release|ARM
		{40FCF2F6-2D83-4D02-94FF-57F52A73B462}.Release|ARM.Deploy.0 = Release|ARM
		{40FCF2F6-2D83-4D02-94FF-57F52A73B462}.Release|ARM64.ActiveCfg = Release|ARM64
		{40FCF2F6-2D83-4D02-94FF-57F52A73B462}.Release|ARM64.Build.0 = Release|ARM64
		{40FCF2F6-2D83-4D02-94FF-57F52A73B462}.Release|ARM64.Deploy.0 = Release|ARM64
		{40FCF2F6-2D83-4D02-94FF-57F52A73B462}.Release|x64.ActiveCfg = Release|x64
		{40FCF2F6-2D83-4D02-94FF-57F52A73B462}.Release|x64.Build.0 = Release|x64
		{40FCF2F6-2D83-4D02-94FF-57F52A73B462}.Release|x64.Deploy.0 = Release|x64
		{40FCF2F6-2D83-4D02-94FF-57F52A73B462}.Release|x86.ActiveCfg = Release|x86
		{40FCF2F6-2D83-4D02-94FF-57F52A73B462}.Release|x86.Build.0 = Release|x86
		{40FCF2F6-2D83-4D02-94FF-57F52A73B462}.Release|x86.Deploy.0 = Release|x86
		{494C8631-7686-4174-9673-026BFEFE1F33}.Debug|Any CPU.ActiveCfg = Debug|Any CPU
		{494C8631-7686-4174-9673-026BFEFE1F33}.Debug|Any CPU.Build.0 = Debug|Any CPU
		{494C8631-7686-4174-9673-026BFEFE1F33}.Debug|ARM.ActiveCfg = Debug|Any CPU
		{494C8631-7686-4174-9673-026BFEFE1F33}.Debug|ARM.Build.0 = Debug|Any CPU
		{494C8631-7686-4174-9673-026BFEFE1F33}.Debug|ARM64.ActiveCfg = Debug|Any CPU
		{494C8631-7686-4174-9673-026BFEFE1F33}.Debug|ARM64.Build.0 = Debug|Any CPU
		{494C8631-7686-4174-9673-026BFEFE1F33}.Debug|x64.ActiveCfg = Debug|Any CPU
		{494C8631-7686-4174-9673-026BFEFE1F33}.Debug|x64.Build.0 = Debug|Any CPU
		{494C8631-7686-4174-9673-026BFEFE1F33}.Debug|x86.ActiveCfg = Debug|Any CPU
		{494C8631-7686-4174-9673-026BFEFE1F33}.Debug|x86.Build.0 = Debug|Any CPU
		{494C8631-7686-4174-9673-026BFEFE1F33}.Release|Any CPU.ActiveCfg = Release|Any CPU
		{494C8631-7686-4174-9673-026BFEFE1F33}.Release|Any CPU.Build.0 = Release|Any CPU
		{494C8631-7686-4174-9673-026BFEFE1F33}.Release|ARM.ActiveCfg = Release|Any CPU
		{494C8631-7686-4174-9673-026BFEFE1F33}.Release|ARM.Build.0 = Release|Any CPU
		{494C8631-7686-4174-9673-026BFEFE1F33}.Release|ARM64.ActiveCfg = Release|Any CPU
		{494C8631-7686-4174-9673-026BFEFE1F33}.Release|ARM64.Build.0 = Release|Any CPU
		{494C8631-7686-4174-9673-026BFEFE1F33}.Release|x64.ActiveCfg = Release|Any CPU
		{494C8631-7686-4174-9673-026BFEFE1F33}.Release|x64.Build.0 = Release|Any CPU
		{494C8631-7686-4174-9673-026BFEFE1F33}.Release|x86.ActiveCfg = Release|Any CPU
		{494C8631-7686-4174-9673-026BFEFE1F33}.Release|x86.Build.0 = Release|Any CPU
	EndGlobalSection
	GlobalSection(SolutionProperties) = preSolution
		HideSolutionNode = FALSE
	EndGlobalSection
	GlobalSection(NestedProjects) = preSolution
		{45C7F2FE-580E-4A64-BD5F-DFF8E21F2EE6} = {44DBB23E-4C53-4482-A04C-92EE0515150C}
		{957B1E0E-D863-41E3-8042-7FAC37A512DD} = {44DBB23E-4C53-4482-A04C-92EE0515150C}
		{C2B9B471-9028-46C3-A04E-37DD4B96D059} = {AA684C57-74FA-403E-A3D7-656CC23365C5}
		{40FCF2F6-2D83-4D02-94FF-57F52A73B462} = {AA684C57-74FA-403E-A3D7-656CC23365C5}
		{494C8631-7686-4174-9673-026BFEFE1F33} = {AA684C57-74FA-403E-A3D7-656CC23365C5}
	EndGlobalSection
	GlobalSection(ExtensibilityGlobals) = postSolution
		SolutionGuid = {751E228E-9AE5-4F15-867D-1FE372A548C1}
	EndGlobalSection
EndGlobal
